github.com/go-sql-driver/mysql v1.5.0 h1:ozyZYNQW3x3HtqT1jira07DN2PArx2v7/mN66gGcHOs=
github.com/go-sql-driver/mysql v1.5.0/go.mod h1:DCzpHaOWr8IXmIStZouvnhqoel9Qv2LBy8hT2VhHyBg=
github.com/jinzhu/inflection v1.0.0 h1:K317FqzuhWc8YvSVlFMCCUb36O/S9MCKRDI7QkRKD/E=
github.com/jinzhu/inflection v1.0.0/go.mod h1:h+uFLlag+Qp1Va5pdKtLDYj+kHp5pxUVkryuEj+Srlc=
github.com/jinzhu/now v1.1.1 h1:g39TucaRWyV3dwDO++eEc6qf8TVIQ/Da48WmqjZ3i7E=
github.com/jinzhu/now v1.1.1/go.mod h1:d3SSVoowX0Lcu0IBviAWJpolVfI5UJVZZ7cO71lE/z8=
github.com/jinzhu/now v1.1.2 h1:eVKgfIdy9b6zbWBMgFpfDPoAMifwSZagU9HmEU6zgiI=
github.com/jinzhu/now v1.1.2/go.mod h1:d3SSVoowX0Lcu0IBviAWJpolVfI5UJVZZ7cO71lE/z8=
github.com/jromero1502/red_social_models v0.0.0-20210413012835-2ab02f4dea8a h1:OKqpy38aBFtt/Y/9d3R+MzbvZ/vjZtvSTpGGYgLJ5PQ=
github.com/jromero1502/red_social_models v0.0.0-20210413012835-2ab02f4dea8a/go.mod h1:5IyVXYe/yB3skRlTruc1m2awQcvdNC4pbAVZdR+4PEM=
github.com/jromero1502/red_social_models v1.0.1 h1:OKczR3RbeAGogq8EbXhBlCeVwRRisfWocmnVMuzhn3U=
github.com/jromero1502/red_social_models v1.0.1/go.mod h1:5IyVXYe/yB3skRlTruc1m2awQcvdNC4pbAVZdR+4PEM=
gorm.io/driver/mysql v1.0.5 h1:WAAmvLK2rG0tCOqrf5XcLi2QUwugd4rcVJ/W3aoon9o=
gorm.io/driver/mysql v1.0.5/go.mod h1:N1OIhHAIhx5SunkMGqWbGFVeh4yTNWKmMo1GOAsohLI=
gorm.io/gorm v1.21.3 h1:qDFi55ZOsjZTwk5eN+uhAmHi8GysJ/qCTichM/yO7ME=
gorm.io/gorm v1.21.3/go.mod h1:0HFTzE/SqkGTzK6TlDPPQbAYCluiVvhzoA1+aVyzenw=
gorm.io/gorm v1.21.7 h1:MuY8oejVL5l3iT7PfE3z5I4J+KW/Nu2w/uTpLe3vV1Q=
gorm.io/gorm v1.21.7/go.mod h1:F+OptMscr0P2F2qU97WT1WimdH9GaQPoDW7AYd5i2Y0=
